
Microsoft Visual Studio Solution File, Format Version 12.00
# Visual Studio 15
VisualStudioVersion = 15.0.27703.2018
MinimumVisualStudioVersion = 10.0.40219.1
Project("{FAE04EC0-301F-11D3-BF4B-00C04F79EFBC}") = "DAL", "DTA\DAL.csproj", "{984DDAF6-2715-496E-9D3D-949F7C118C61}"
EndProject
Project("{FAE04EC0-301F-11D3-BF4B-00C04F79EFBC}") = "DTO", "DTO\DTO.csproj", "{07FD228B-F798-49D3-BFDD-7D0528F61024}"
EndProject
Project("{FAE04EC0-301F-11D3-BF4B-00C04F79EFBC}") = "BUL", "BUL\BUL.csproj", "{0E8427B8-C64A-4B13-A45A-E57F53E7EF35}"
EndProject
Project("{FAE04EC0-301F-11D3-BF4B-00C04F79EFBC}") = "M_ATM", "M_ATM\M_ATM.csproj", "{E12AF717-716D-4C8F-8F19-9EE5B5E8BDDD}"
EndProject
Global
	GlobalSection(SolutionConfigurationPlatforms) = preSolution
		Debug|Any CPU = Debug|Any CPU
		Release|Any CPU = Release|Any CPU
	EndGlobalSection
	GlobalSection(ProjectConfigurationPlatforms) = postSolution
		{984DDAF6-2715-496E-9D3D-949F7C118C61}.Debug|Any CPU.ActiveCfg = Debug|Any CPU
		{984DDAF6-2715-496E-9D3D-949F7C118C61}.Debug|Any CPU.Build.0 = Debug|Any CPU
		{984DDAF6-2715-496E-9D3D-949F7C118C61}.Release|Any CPU.ActiveCfg = Release|Any CPU
		{984DDAF6-2715-496E-9D3D-949F7C118C61}.Release|Any CPU.Build.0 = Release|Any CPU
		{07FD228B-F798-49D3-BFDD-7D0528F61024}.Debug|Any CPU.ActiveCfg = Debug|Any CPU
		{07FD228B-F798-49D3-BFDD-7D0528F61024}.Debug|Any CPU.Build.0 = Debug|Any CPU
		{07FD228B-F798-49D3-BFDD-7D0528F61024}.Release|Any CPU.ActiveCfg = Release|Any CPU
		{07FD228B-F798-49D3-BFDD-7D0528F61024}.Release|Any CPU.Build.0 = Release|Any CPU
		{0E8427B8-C64A-4B13-A45A-E57F53E7EF35}.Debug|Any CPU.ActiveCfg = Debug|Any CPU
		{0E8427B8-C64A-4B13-A45A-E57F53E7EF35}.Debug|Any CPU.Build.0 = Debug|Any CPU
		{0E8427B8-C64A-4B13-A45A-E57F53E7EF35}.Release|Any CPU.ActiveCfg = Release|Any CPU
		{0E8427B8-C64A-4B13-A45A-E57F53E7EF35}.Release|Any CPU.Build.0 = Release|Any CPU
		{E12AF717-716D-4C8F-8F19-9EE5B5E8BDDD}.Debug|Any CPU.ActiveCfg = Debug|Any CPU
		{E12AF717-716D-4C8F-8F19-9EE5B5E8BDDD}.Debug|Any CPU.Build.0 = Debug|Any CPU
		{E12AF717-716D-4C8F-8F19-9EE5B5E8BDDD}.Release|Any CPU.ActiveCfg = Release|Any CPU
		{E12AF717-716D-4C8F-8F19-9EE5B5E8BDDD}.Release|Any CPU.Build.0 = Release|Any CPU
	EndGlobalSection
	GlobalSection(SolutionProperties) = preSolution
		HideSolutionNode = FALSE
	EndGlobalSection
	GlobalSection(ExtensibilityGlobals) = postSolution
		SolutionGuid = {43F624B8-1377-45C7-9428-C9E0A9727E89}
	EndGlobalSection
EndGlobal
